
Microsoft Visual Studio Solution File, Format Version 12.00
# Visual Studio Version 16
VisualStudioVersion = 16.0.29613.14
MinimumVisualStudioVersion = 10.0.40219.1
Project("{9A19103F-16F7-4668-BE54-9A1E7A4F7556}") = "DomainModels", "DomainModel\DomainModels.csproj", "{535B8A79-3A57-4621-86CF-8E521F492154}"
EndProject
Project("{9A19103F-16F7-4668-BE54-9A1E7A4F7556}") = "Api", "API\Api.csproj", "{2960FA50-36FE-4112-95C1-BEE961A8D42B}"
EndProject
Project("{9A19103F-16F7-4668-BE54-9A1E7A4F7556}") = "Entities", "Entities\Entities.csproj", "{88581E38-1B7E-4503-A9AE-7C98EDB35079}"
EndProject
Project("{FAE04EC0-301F-11D3-BF4B-00C04F79EFBC}") = "ApiTest", "ApiTest\ApiTest.csproj", "{D98E6055-3F49-4CC1-90BF-32A218A0969D}"
EndProject
Global
	GlobalSection(SolutionConfigurationPlatforms) = preSolution
		Debug|Any CPU = Debug|Any CPU
		Release|Any CPU = Release|Any CPU
	EndGlobalSection
	GlobalSection(ProjectConfigurationPlatforms) = postSolution
		{535B8A79-3A57-4621-86CF-8E521F492154}.Debug|Any CPU.ActiveCfg = Debug|Any CPU
		{535B8A79-3A57-4621-86CF-8E521F492154}.Debug|Any CPU.Build.0 = Debug|Any CPU
		{535B8A79-3A57-4621-86CF-8E521F492154}.Release|Any CPU.ActiveCfg = Release|Any CPU
		{535B8A79-3A57-4621-86CF-8E521F492154}.Release|Any CPU.Build.0 = Release|Any CPU
		{2960FA50-36FE-4112-95C1-BEE961A8D42B}.Debug|Any CPU.ActiveCfg = Debug|Any CPU
		{2960FA50-36FE-4112-95C1-BEE961A8D42B}.Debug|Any CPU.Build.0 = Debug|Any CPU
		{2960FA50-36FE-4112-95C1-BEE961A8D42B}.Release|Any CPU.ActiveCfg = Release|Any CPU
		{2960FA50-36FE-4112-95C1-BEE961A8D42B}.Release|Any CPU.Build.0 = Release|Any CPU
		{88581E38-1B7E-4503-A9AE-7C98EDB35079}.Debug|Any CPU.ActiveCfg = Debug|Any CPU
		{88581E38-1B7E-4503-A9AE-7C98EDB35079}.Debug|Any CPU.Build.0 = Debug|Any CPU
		{88581E38-1B7E-4503-A9AE-7C98EDB35079}.Release|Any CPU.ActiveCfg = Release|Any CPU
		{88581E38-1B7E-4503-A9AE-7C98EDB35079}.Release|Any CPU.Build.0 = Release|Any CPU
		{D98E6055-3F49-4CC1-90BF-32A218A0969D}.Debug|Any CPU.ActiveCfg = Debug|Any CPU
		{D98E6055-3F49-4CC1-90BF-32A218A0969D}.Debug|Any CPU.Build.0 = Debug|Any CPU
		{D98E6055-3F49-4CC1-90BF-32A218A0969D}.Release|Any CPU.ActiveCfg = Release|Any CPU
		{D98E6055-3F49-4CC1-90BF-32A218A0969D}.Release|Any CPU.Build.0 = Release|Any CPU
	EndGlobalSection
	GlobalSection(SolutionProperties) = preSolution
		HideSolutionNode = FALSE
	EndGlobalSection
	GlobalSection(ExtensibilityGlobals) = postSolution
		SolutionGuid = {33686E5B-E123-4D3B-B887-1C26EE08E4C0}
	EndGlobalSection
EndGlobal
